
Microsoft Visual Studio Solution File, Format Version 12.00
# Visual Studio Version 17
VisualStudioVersion = 17.0.31903.59
MinimumVisualStudioVersion = 10.0.40219.1
Project("{FAE04EC0-301F-11D3-BF4B-00C04F79EFBC}") = "TaskManagementSystem.API", "TaskManagementSystem.API\TaskManagementSystem.API.csproj", "{77005C7A-20C7-43A2-AAC5-A1C32FB77BEE}"
EndProject
Global
	GlobalSection(SolutionConfigurationPlatforms) = preSolution
		Debug|Any CPU = Debug|Any CPU
		Release|Any CPU = Release|Any CPU
	EndGlobalSection
	GlobalSection(SolutionProperties) = preSolution
		HideSolutionNode = FALSE
	EndGlobalSection
	GlobalSection(ProjectConfigurationPlatforms) = postSolution
		{77005C7A-20C7-43A2-AAC5-A1C32FB77BEE}.Debug|Any CPU.ActiveCfg = Debug|Any CPU
		{77005C7A-20C7-43A2-AAC5-A1C32FB77BEE}.Debug|Any CPU.Build.0 = Debug|Any CPU
		{77005C7A-20C7-43A2-AAC5-A1C32FB77BEE}.Release|Any CPU.ActiveCfg = Release|Any CPU
		{77005C7A-20C7-43A2-AAC5-A1C32FB77BEE}.Release|Any CPU.Build.0 = Release|Any CPU
	EndGlobalSection
EndGlobal
